{
    "requires": true,
    "lockfileVersion": 1,
    "dependencies": {
        "vuejs-datepicker": {
            "version": "1.6.2",
            "resolved": "https://registry.npmjs.org/vuejs-datepicker/-/vuejs-datepicker-1.6.2.tgz",
            "integrity": "sha512-PkC4vxzFBo7i6FSCUAJfnaWOx6VkKbOqxijSGHHlWxh8FIUKEZVtFychkonVWtK3iwWfhmYtqHcwsmgxefLpLQ=="
        }
    }
}
